{
  "nodes": {
    "battui": {
      "inputs": {
        "nixpkgs": [
          "nixpkgs"
        ]
      },
      "locked": {
        "lastModified": 1787143902,
        "narHash": "sha256-Vld+03nuaUdtCrsosLdPLmyShLZeQMe6CHKAUlnUvOQ=",
        "owner": "siliconwitch",
        "repo": "battui",
        "rev": "daadf3fc95f4a400dab084ab669c691edc18e3a9",
        "type": "github"
      },
      "original": {
        "owner": "siliconwitch",
        "repo": "battui",
        "type": "github"
      }
    },
    "flake-parts": {
      "inputs": {
        "nixpkgs-lib": [
          "nur",
          "nixpkgs"
        ]
      },
      "locked": {
        "lastModified": 1733312601,
        "narHash": "sha256-4pDvzqnegAfRkPwO3wmwBhVi/Sye1mzps0zHWYnP88c=",
        "owner": "hercules-ci",
        "repo": "flake-parts",
        "rev": "205b12d8b7cd4802fbcb8e8ef6a0f1408781a4f9",
        "type": "github"
      },
      "original": {
        "owner": "hercules-ci",
        "repo": "flake-parts",
        "type": "github"
      }
    },
    "nixpkgs": {
      "locked": {
        "lastModified": 1788179007,
        "narHash": "sha256-hn1oU2rue2SYK8dAr8+WNZWtbsz1S2W5mnHlSEuh3bo=",
        "owner": "NixOS",
        "repo": "nixpkgs",
        "rev": "34ab99075ac4f7e40cf037eef32cb1c360bb85e9",
        "type": "github"
      },
      "original": {
        "owner": "NixOS",
        "ref": "nixos-unstable",
        "repo": "nixpkgs",
        "type": "github"
      }
    },
    "nixpkgs-master": {
      "locked": {
        "lastModified": 1788343797,
        "narHash": "sha256-RokpKn+jDtgsb9TwfM7+xAxpLIbfZ1bhX7ajzkAduhM=",
        "owner": "NixOS",
        "repo": "nixpkgs",
        "rev": "db63affed8e663382a265654315f0f87c43e7e97",
        "type": "github"
      },
      "original": {
        "owner": "NixOS",
        "ref": "master",
        "repo": "nixpkgs",
        "type": "github"
      }
    },
    "nur": {
      "inputs": {
        "flake-parts": "flake-parts",
        "nixpkgs": [
          "nixpkgs"
        ]
      },
      "locked": {
        "lastModified": 1788343989,
        "narHash": "sha256-gIF1MtqHsDNbhrb4O6yRN9/CfHMapW/p06FSg1H069U=",
        "owner": "nix-community",
        "repo": "NUR",
        "rev": "4826f5e05dfc50ae3db585e3afc6df18cc5d9d1b",
        "type": "github"
      },
      "original": {
        "owner": "nix-community",
        "repo": "NUR",
        "type": "github"
      }
    },
    "root": {
      "inputs": {
        "battui": "battui",
        "nixpkgs": "nixpkgs",
        "nixpkgs-master": "nixpkgs-master",
        "nur": "nur"
      }
    }
  },
  "root": "root",
  "version": 7
}
